
Microsoft Visual Studio Solution File, Format Version 12.00
# Visual Studio Version 17
VisualStudioVersion = 17.6.33723.286
MinimumVisualStudioVersion = 10.0.40219.1
Project("{FAE04EC0-301F-11D3-BF4B-00C04F79EFBC}") = "ATNetCoreTelegramBot.WFA.UI", "ATNetCoreTelegramBot.WFA.UI\ATNetCoreTelegramBot.WFA.UI.csproj", "{A7BCCEC7-AC36-4659-A631-48CDEBBDE2CF}"
EndProject
Global
	GlobalSection(SolutionConfigurationPlatforms) = preSolution
		Debug|Any CPU = Debug|Any CPU
		Release|Any CPU = Release|Any CPU
	EndGlobalSection
	GlobalSection(ProjectConfigurationPlatforms) = postSolution
		{A7BCCEC7-AC36-4659-A631-48CDEBBDE2CF}.Debug|Any CPU.ActiveCfg = Debug|Any CPU
		{A7BCCEC7-AC36-4659-A631-48CDEBBDE2CF}.Debug|Any CPU.Build.0 = Debug|Any CPU
		{A7BCCEC7-AC36-4659-A631-48CDEBBDE2CF}.Release|Any CPU.ActiveCfg = Release|Any CPU
		{A7BCCEC7-AC36-4659-A631-48CDEBBDE2CF}.Release|Any CPU.Build.0 = Release|Any CPU
	EndGlobalSection
	GlobalSection(SolutionProperties) = preSolution
		HideSolutionNode = FALSE
	EndGlobalSection
	GlobalSection(ExtensibilityGlobals) = postSolution
		SolutionGuid = {7FB21DDF-5600-4122-ACA9-6F50569B9598}
	EndGlobalSection
EndGlobal
